
Microsoft Visual Studio Solution File, Format Version 12.00
# Visual Studio 15
VisualStudioVersion = 15.0.26228.4
MinimumVisualStudioVersion = 10.0.40219.1
Project("{FAE04EC0-301F-11D3-BF4B-00C04F79EFBC}") = "SearchWebApp", "SearchWebApp\SearchWebApp.csproj", "{99D7F511-297C-4FE0-AC6E-C0ECC4CE2AE0}"
EndProject
Project("{FAE04EC0-301F-11D3-BF4B-00C04F79EFBC}") = "SearchEngine.Implementation", "SearchParsers\SearchEngine.Implementation.csproj", "{CE44AF28-A6DA-45CB-8E59-60509F50A510}"
EndProject
Project("{FAE04EC0-301F-11D3-BF4B-00C04F79EFBC}") = "SearchEngine.Contract", "SearchEngine.Interface\SearchEngine.Contract.csproj", "{4692CDFC-7534-41EE-9B59-FFB8162BCC46}"
EndProject
Project("{FAE04EC0-301F-11D3-BF4B-00C04F79EFBC}") = "WebApplication1.Tests", "SearchWebApp.Tests\WebApplication1.Tests.csproj", "{A09A68B6-DA5F-4A2F-AACA-D37EDB4DFE68}"
EndProject
Global
	GlobalSection(SolutionConfigurationPlatforms) = preSolution
		Debug|Any CPU = Debug|Any CPU
		Release|Any CPU = Release|Any CPU
	EndGlobalSection
	GlobalSection(ProjectConfigurationPlatforms) = postSolution
		{99D7F511-297C-4FE0-AC6E-C0ECC4CE2AE0}.Debug|Any CPU.ActiveCfg = Debug|Any CPU
		{99D7F511-297C-4FE0-AC6E-C0ECC4CE2AE0}.Debug|Any CPU.Build.0 = Debug|Any CPU
		{99D7F511-297C-4FE0-AC6E-C0ECC4CE2AE0}.Release|Any CPU.ActiveCfg = Release|Any CPU
		{99D7F511-297C-4FE0-AC6E-C0ECC4CE2AE0}.Release|Any CPU.Build.0 = Release|Any CPU
		{CE44AF28-A6DA-45CB-8E59-60509F50A510}.Debug|Any CPU.ActiveCfg = Debug|Any CPU
		{CE44AF28-A6DA-45CB-8E59-60509F50A510}.Debug|Any CPU.Build.0 = Debug|Any CPU
		{CE44AF28-A6DA-45CB-8E59-60509F50A510}.Release|Any CPU.ActiveCfg = Release|Any CPU
		{CE44AF28-A6DA-45CB-8E59-60509F50A510}.Release|Any CPU.Build.0 = Release|Any CPU
		{4692CDFC-7534-41EE-9B59-FFB8162BCC46}.Debug|Any CPU.ActiveCfg = Debug|Any CPU
		{4692CDFC-7534-41EE-9B59-FFB8162BCC46}.Debug|Any CPU.Build.0 = Debug|Any CPU
		{4692CDFC-7534-41EE-9B59-FFB8162BCC46}.Release|Any CPU.ActiveCfg = Release|Any CPU
		{4692CDFC-7534-41EE-9B59-FFB8162BCC46}.Release|Any CPU.Build.0 = Release|Any CPU
		{A09A68B6-DA5F-4A2F-AACA-D37EDB4DFE68}.Debug|Any CPU.ActiveCfg = Debug|Any CPU
		{A09A68B6-DA5F-4A2F-AACA-D37EDB4DFE68}.Debug|Any CPU.Build.0 = Debug|Any CPU
		{A09A68B6-DA5F-4A2F-AACA-D37EDB4DFE68}.Release|Any CPU.ActiveCfg = Release|Any CPU
		{A09A68B6-DA5F-4A2F-AACA-D37EDB4DFE68}.Release|Any CPU.Build.0 = Release|Any CPU
	EndGlobalSection
	GlobalSection(SolutionProperties) = preSolution
		HideSolutionNode = FALSE
	EndGlobalSection
EndGlobal
